{
  "name": "aethercore-monorepo",
  "version": "0.1.0",
  "lockfileVersion": 3,
  "requires": true,
  "packages": {
    "": {
      "name": "aethercore-monorepo",
      "version": "0.1.0",
      "workspaces": [
        "services/*",
        "packages/*"
      ],
      "devDependencies": {
        "@types/node": "^20.10.6",
        "typescript": "^5.3.3"
      },
      "engines": {
        "node": ">=18.0.0",
        "npm": ">=9.0.0"
      }
    },
    "node_modules/@aethercore/auth": {
      "resolved": "services/auth",
      "link": true
    },
    "node_modules/@aethercore/canonical-schema": {
      "resolved": "packages/canonical-schema",
      "link": true
    },
    "node_modules/@aethercore/collaboration": {
      "resolved": "services/collaboration",
      "link": true
    },
    "node_modules/@aethercore/dashboard": {
      "resolved": "packages/dashboard",
      "link": true
    },
    "node_modules/@aethercore/fleet": {
      "resolved": "services/fleet",
      "link": true
    },
    "node_modules/@aethercore/gateway": {
      "resolved": "services/gateway",
      "link": true
    },
    "node_modules/@aethercore/h2-glass": {
      "resolved": "packages/h2-glass",
      "link": true
    },
    "node_modules/@aethercore/h2-ingest": {
      "resolved": "services/h2-ingest",
      "link": true
    },
    "node_modules/@aethercore/operator": {
      "resolved": "services/operator",
      "link": true
    },
    "node_modules/@aethercore/shared": {
      "resolved": "packages/shared",
      "link": true
    },
    "node_modules/@types/node": {
      "version": "20.19.27",
      "resolved": "https://registry.npmjs.org/@types/node/-/node-20.19.27.tgz",
      "integrity": "sha512-N2clP5pJhB2YnZJ3PIHFk5RkygRX5WO/5f0WC08tp0wd+sv0rsJk3MqWn3CbNmT2J505a5336jaQj4ph1AdMug==",
      "dev": true,
      "license": "MIT",
      "dependencies": {
        "undici-types": "~6.21.0"
      }
    },
    "node_modules/@types/ws": {
      "version": "8.18.1",
      "resolved": "https://registry.npmjs.org/@types/ws/-/ws-8.18.1.tgz",
      "integrity": "sha512-ThVF6DCVhA8kUGy+aazFQ4kXQ7E1Ty7A3ypFOe0IcJV8O/M511G99AW24irKrW56Wt44yG9+ij8FaqoBGkuBXg==",
      "dev": true,
      "license": "MIT",
      "dependencies": {
        "@types/node": "*"
      }
    },
    "node_modules/nats": {
      "version": "2.29.3",
      "resolved": "https://registry.npmjs.org/nats/-/nats-2.29.3.tgz",
      "integrity": "sha512-tOQCRCwC74DgBTk4pWZ9V45sk4d7peoE2njVprMRCBXrhJ5q5cYM7i6W+Uvw2qUrcfOSnuisrX7bEx3b3Wx4QA==",
      "license": "Apache-2.0",
      "dependencies": {
        "nkeys.js": "1.1.0"
      },
      "engines": {
        "node": ">= 14.0.0"
      }
    },
    "node_modules/nkeys.js": {
      "version": "1.1.0",
      "resolved": "https://registry.npmjs.org/nkeys.js/-/nkeys.js-1.1.0.tgz",
      "integrity": "sha512-tB/a0shZL5UZWSwsoeyqfTszONTt4k2YS0tuQioMOD180+MbombYVgzDUYHlx+gejYK6rgf08n/2Df99WY0Sxg==",
      "license": "Apache-2.0",
      "dependencies": {
        "tweetnacl": "1.0.3"
      },
      "engines": {
        "node": ">=10.0.0"
      }
    },
    "node_modules/tweetnacl": {
      "version": "1.0.3",
      "resolved": "https://registry.npmjs.org/tweetnacl/-/tweetnacl-1.0.3.tgz",
      "integrity": "sha512-6rt+RN7aOi1nGMyC4Xa5DdYiukl2UWCbcJft7YhxReBGQD7OAM8Pbxw6YMo4r2diNEA8FEmu32YOn9rhaiE5yw==",
      "license": "Unlicense"
    },
    "node_modules/typescript": {
      "version": "5.9.3",
      "resolved": "https://registry.npmjs.org/typescript/-/typescript-5.9.3.tgz",
      "integrity": "sha512-jl1vZzPDinLr9eUt3J/t7V6FgNEw9QjvBPdysz9KfQDD41fQrC2Y4vKQdiaUpFT4bXlb1RHhLpp8wtm6M5TgSw==",
      "dev": true,
      "license": "Apache-2.0",
      "bin": {
        "tsc": "bin/tsc",
        "tsserver": "bin/tsserver"
      },
      "engines": {
        "node": ">=14.17"
      }
    },
    "node_modules/undici-types": {
      "version": "6.21.0",
      "resolved": "https://registry.npmjs.org/undici-types/-/undici-types-6.21.0.tgz",
      "integrity": "sha512-iwDZqg0QAGrg9Rav5H4n0M64c3mkR59cJ6wQp+7C4nI0gsmExaedaYLNO44eT4AtBBwjbTiGPMlt2Md0T9H9JQ==",
      "dev": true,
      "license": "MIT"
    },
    "node_modules/ws": {
      "version": "8.18.3",
      "resolved": "https://registry.npmjs.org/ws/-/ws-8.18.3.tgz",
      "integrity": "sha512-PEIGCY5tSlUt50cqyMXfCzX+oOPqN0vuGqWzbcJ2xvnkzkq46oOpz7dQaTDBdfICb4N14+GARUDw2XV2N4tvzg==",
      "license": "MIT",
      "engines": {
        "node": ">=10.0.0"
      },
      "peerDependencies": {
        "bufferutil": "^4.0.1",
        "utf-8-validate": ">=5.0.2"
      },
      "peerDependenciesMeta": {
        "bufferutil": {
          "optional": true
        },
        "utf-8-validate": {
          "optional": true
        }
      }
    },
    "node_modules/zod": {
      "version": "3.25.76",
      "resolved": "https://registry.npmjs.org/zod/-/zod-3.25.76.tgz",
      "integrity": "sha512-gzUt/qt81nXsFGKIFcC3YnfEAx5NkunCfnDlvuBSSFS02bcXu4Lmea0AFIUwbLWxWPx3d9p8S5QoaujKcNQxcQ==",
      "license": "MIT",
      "funding": {
        "url": "https://github.com/sponsors/colinhacks"
      }
    },
    "packages/canonical-schema": {
      "name": "@aethercore/canonical-schema",
      "version": "0.1.0",
      "license": "MIT",
      "devDependencies": {
        "@types/node": "^20.10.6",
        "typescript": "^5.3.3"
      }
    },
    "packages/dashboard": {
      "name": "@aethercore/dashboard",
      "version": "0.1.0",
      "license": "MIT",
      "devDependencies": {
        "@types/node": "^20.10.6",
        "typescript": "^5.3.3"
      }
    },
    "packages/h2-glass": {
      "name": "@aethercore/h2-glass",
      "version": "0.1.0",
      "license": "MIT",
      "devDependencies": {
        "@types/node": "^20.10.6",
        "typescript": "^5.3.3"
      }
    },
    "packages/shared": {
      "name": "@aethercore/shared",
      "version": "0.1.0",
      "license": "MIT",
      "dependencies": {
        "zod": "^3.22.4"
      },
      "devDependencies": {
        "@types/node": "^20.10.6",
        "typescript": "^5.3.3"
      }
    },
    "services/auth": {
      "name": "@aethercore/auth",
      "version": "0.1.0",
      "license": "MIT",
      "devDependencies": {
        "@types/node": "^20.10.6",
        "typescript": "^5.3.3"
      }
    },
    "services/collaboration": {
      "name": "@aethercore/collaboration",
      "version": "0.1.0",
      "license": "MIT",
      "dependencies": {
        "@aethercore/shared": "^0.1.0",
        "nats": "^2.19.0",
        "ws": "^8.16.0",
        "zod": "^3.22.4"
      },
      "devDependencies": {
        "@types/node": "^20.10.6",
        "@types/ws": "^8.5.10",
        "typescript": "^5.3.3"
      }
    },
    "services/fleet": {
      "name": "@aethercore/fleet",
      "version": "0.1.0",
      "license": "MIT",
      "devDependencies": {
        "@types/node": "^20.10.6",
        "typescript": "^5.3.3"
      }
    },
    "services/gateway": {
      "name": "@aethercore/gateway",
      "version": "0.1.0",
      "license": "MIT",
      "devDependencies": {
        "@types/node": "^20.10.6",
        "typescript": "^5.3.3"
      }
    },
    "services/h2-ingest": {
      "name": "@aethercore/h2-ingest",
      "version": "0.1.0",
      "license": "MIT",
      "devDependencies": {
        "@types/node": "^20.10.6",
        "typescript": "^5.3.3"
      }
    },
    "services/operator": {
      "name": "@aethercore/operator",
      "version": "0.1.0",
      "license": "MIT",
      "devDependencies": {
        "@types/node": "^20.10.6",
        "typescript": "^5.3.3"
      }
    }
  }
}
